
Microsoft Visual Studio Solution File, Format Version 12.00
# Visual Studio Version 17
VisualStudioVersion = 17.11.35312.102
MinimumVisualStudioVersion = 10.0.40219.1
Project("{9A19103F-16F7-4668-BE54-9A1E7A4F7556}") = "ProjectApiUser", "WebApplication1\ProjectApiUser.csproj", "{FA986086-CE17-4068-B486-E0983F4FC99D}"
EndProject
Global
	GlobalSection(SolutionConfigurationPlatforms) = preSolution
		Debug|Any CPU = Debug|Any CPU
		Release|Any CPU = Release|Any CPU
	EndGlobalSection
	GlobalSection(ProjectConfigurationPlatforms) = postSolution
		{FA986086-CE17-4068-B486-E0983F4FC99D}.Debug|Any CPU.ActiveCfg = Debug|Any CPU
		{FA986086-CE17-4068-B486-E0983F4FC99D}.Debug|Any CPU.Build.0 = Debug|Any CPU
		{FA986086-CE17-4068-B486-E0983F4FC99D}.Release|Any CPU.ActiveCfg = Release|Any CPU
		{FA986086-CE17-4068-B486-E0983F4FC99D}.Release|Any CPU.Build.0 = Release|Any CPU
	EndGlobalSection
	GlobalSection(SolutionProperties) = preSolution
		HideSolutionNode = FALSE
	EndGlobalSection
	GlobalSection(ExtensibilityGlobals) = postSolution
		SolutionGuid = {E321857D-5D63-43B0-9D7E-5AEF65591423}
	EndGlobalSection
EndGlobal
